
Microsoft Visual Studio Solution File, Format Version 12.00
# Visual Studio Version 16
VisualStudioVersion = 16.0.29306.81
MinimumVisualStudioVersion = 10.0.40219.1
Project("{FAE04EC0-301F-11D3-BF4B-00C04F79EFBC}") = "FractionCalculatorDemo", "FractionCalculatorDemo\FractionCalculatorDemo.csproj", "{745059D2-2EEA-46BD-9D9D-55D10AD2BAF5}"
EndProject
Global
	GlobalSection(SolutionConfigurationPlatforms) = preSolution
		Debug|Any CPU = Debug|Any CPU
		Release|Any CPU = Release|Any CPU
	EndGlobalSection
	GlobalSection(ProjectConfigurationPlatforms) = postSolution
		{745059D2-2EEA-46BD-9D9D-55D10AD2BAF5}.Debug|Any CPU.ActiveCfg = Debug|Any CPU
		{745059D2-2EEA-46BD-9D9D-55D10AD2BAF5}.Debug|Any CPU.Build.0 = Debug|Any CPU
		{745059D2-2EEA-46BD-9D9D-55D10AD2BAF5}.Release|Any CPU.ActiveCfg = Release|Any CPU
		{745059D2-2EEA-46BD-9D9D-55D10AD2BAF5}.Release|Any CPU.Build.0 = Release|Any CPU
	EndGlobalSection
	GlobalSection(SolutionProperties) = preSolution
		HideSolutionNode = FALSE
	EndGlobalSection
	GlobalSection(ExtensibilityGlobals) = postSolution
		SolutionGuid = {867A5B3E-E48F-40C5-9E0E-62071D59EA23}
	EndGlobalSection
EndGlobal
