
Microsoft Visual Studio Solution File, Format Version 12.00
# Visual Studio Version 16
VisualStudioVersion = 16.0.29306.81
MinimumVisualStudioVersion = 10.0.40219.1
Project("{FAE04EC0-301F-11D3-BF4B-00C04F79EFBC}") = "PictureBoxDemo", "PictureBoxDemo\PictureBoxDemo.csproj", "{6CF2C372-D34D-4BD5-B403-BADB5766463C}"
EndProject
Global
	GlobalSection(SolutionConfigurationPlatforms) = preSolution
		Debug|Any CPU = Debug|Any CPU
		Release|Any CPU = Release|Any CPU
	EndGlobalSection
	GlobalSection(ProjectConfigurationPlatforms) = postSolution
		{6CF2C372-D34D-4BD5-B403-BADB5766463C}.Debug|Any CPU.ActiveCfg = Debug|Any CPU
		{6CF2C372-D34D-4BD5-B403-BADB5766463C}.Debug|Any CPU.Build.0 = Debug|Any CPU
		{6CF2C372-D34D-4BD5-B403-BADB5766463C}.Release|Any CPU.ActiveCfg = Release|Any CPU
		{6CF2C372-D34D-4BD5-B403-BADB5766463C}.Release|Any CPU.Build.0 = Release|Any CPU
	EndGlobalSection
	GlobalSection(SolutionProperties) = preSolution
		HideSolutionNode = FALSE
	EndGlobalSection
	GlobalSection(ExtensibilityGlobals) = postSolution
		SolutionGuid = {8AAADE7E-C280-4CBD-B85A-81D43AB9DDFD}
	EndGlobalSection
EndGlobal
