
Microsoft Visual Studio Solution File, Format Version 12.00
# Visual Studio Version 16
VisualStudioVersion = 16.0.29306.81
MinimumVisualStudioVersion = 10.0.40219.1
Project("{FAE04EC0-301F-11D3-BF4B-00C04F79EFBC}") = "HelloWorld", "HelloWorld\HelloWorld.csproj", "{23354EEF-5B84-47DA-BC9C-0E67F08C1487}"
EndProject
Global
	GlobalSection(SolutionConfigurationPlatforms) = preSolution
		Debug|Any CPU = Debug|Any CPU
		Release|Any CPU = Release|Any CPU
	EndGlobalSection
	GlobalSection(ProjectConfigurationPlatforms) = postSolution
		{23354EEF-5B84-47DA-BC9C-0E67F08C1487}.Debug|Any CPU.ActiveCfg = Debug|Any CPU
		{23354EEF-5B84-47DA-BC9C-0E67F08C1487}.Debug|Any CPU.Build.0 = Debug|Any CPU
		{23354EEF-5B84-47DA-BC9C-0E67F08C1487}.Release|Any CPU.ActiveCfg = Release|Any CPU
		{23354EEF-5B84-47DA-BC9C-0E67F08C1487}.Release|Any CPU.Build.0 = Release|Any CPU
	EndGlobalSection
	GlobalSection(SolutionProperties) = preSolution
		HideSolutionNode = FALSE
	EndGlobalSection
	GlobalSection(ExtensibilityGlobals) = postSolution
		SolutionGuid = {B6C0FBDC-E2D7-4D8F-B23C-5938863EC253}
	EndGlobalSection
EndGlobal
