
Microsoft Visual Studio Solution File, Format Version 12.00
# Visual Studio Version 16
VisualStudioVersion = 16.0.29306.81
MinimumVisualStudioVersion = 10.0.40219.1
Project("{FAE04EC0-301F-11D3-BF4B-00C04F79EFBC}") = "RPNCalculatorDemo", "RPNCalculatorDemo\RPNCalculatorDemo.csproj", "{ACB4FBBE-1088-49F2-9BF4-D82A3F21F699}"
EndProject
Global
	GlobalSection(SolutionConfigurationPlatforms) = preSolution
		Debug|Any CPU = Debug|Any CPU
		Release|Any CPU = Release|Any CPU
	EndGlobalSection
	GlobalSection(ProjectConfigurationPlatforms) = postSolution
		{ACB4FBBE-1088-49F2-9BF4-D82A3F21F699}.Debug|Any CPU.ActiveCfg = Debug|Any CPU
		{ACB4FBBE-1088-49F2-9BF4-D82A3F21F699}.Debug|Any CPU.Build.0 = Debug|Any CPU
		{ACB4FBBE-1088-49F2-9BF4-D82A3F21F699}.Release|Any CPU.ActiveCfg = Release|Any CPU
		{ACB4FBBE-1088-49F2-9BF4-D82A3F21F699}.Release|Any CPU.Build.0 = Release|Any CPU
	EndGlobalSection
	GlobalSection(SolutionProperties) = preSolution
		HideSolutionNode = FALSE
	EndGlobalSection
	GlobalSection(ExtensibilityGlobals) = postSolution
		SolutionGuid = {1593FF46-ECC1-4A84-8FF4-A7F163295908}
	EndGlobalSection
EndGlobal
