
Microsoft Visual Studio Solution File, Format Version 12.00
# Visual Studio Version 16
VisualStudioVersion = 16.0.29306.81
MinimumVisualStudioVersion = 10.0.40219.1
Project("{FAE04EC0-301F-11D3-BF4B-00C04F79EFBC}") = "MoodColorDemo", "MoodColorDemo\MoodColorDemo.csproj", "{3BA31E45-B657-4D38-BE05-5025C378594A}"
EndProject
Global
	GlobalSection(SolutionConfigurationPlatforms) = preSolution
		Debug|Any CPU = Debug|Any CPU
		Release|Any CPU = Release|Any CPU
	EndGlobalSection
	GlobalSection(ProjectConfigurationPlatforms) = postSolution
		{3BA31E45-B657-4D38-BE05-5025C378594A}.Debug|Any CPU.ActiveCfg = Debug|Any CPU
		{3BA31E45-B657-4D38-BE05-5025C378594A}.Debug|Any CPU.Build.0 = Debug|Any CPU
		{3BA31E45-B657-4D38-BE05-5025C378594A}.Release|Any CPU.ActiveCfg = Release|Any CPU
		{3BA31E45-B657-4D38-BE05-5025C378594A}.Release|Any CPU.Build.0 = Release|Any CPU
	EndGlobalSection
	GlobalSection(SolutionProperties) = preSolution
		HideSolutionNode = FALSE
	EndGlobalSection
	GlobalSection(ExtensibilityGlobals) = postSolution
		SolutionGuid = {0E478FE1-0DFC-4BC2-A34B-AA8FEF7EE665}
	EndGlobalSection
EndGlobal
